
Microsoft Visual Studio Solution File, Format Version 12.00
# Visual Studio Version 16
VisualStudioVersion = 16.0.31105.61
MinimumVisualStudioVersion = 10.0.40219.1
Project("{FAE04EC0-301F-11D3-BF4B-00C04F79EFBC}") = "YouPass-BackEnd", "YouPass-BackEnd.csproj", "{065F84EB-C20F-4474-B1BC-6C99048C3B06}"
EndProject
Global
	GlobalSection(SolutionConfigurationPlatforms) = preSolution
		Debug|Any CPU = Debug|Any CPU
		Release|Any CPU = Release|Any CPU
	EndGlobalSection
	GlobalSection(ProjectConfigurationPlatforms) = postSolution
		{065F84EB-C20F-4474-B1BC-6C99048C3B06}.Debug|Any CPU.ActiveCfg = Debug|Any CPU
		{065F84EB-C20F-4474-B1BC-6C99048C3B06}.Debug|Any CPU.Build.0 = Debug|Any CPU
		{065F84EB-C20F-4474-B1BC-6C99048C3B06}.Release|Any CPU.ActiveCfg = Release|Any CPU
		{065F84EB-C20F-4474-B1BC-6C99048C3B06}.Release|Any CPU.Build.0 = Release|Any CPU
	EndGlobalSection
	GlobalSection(SolutionProperties) = preSolution
		HideSolutionNode = FALSE
	EndGlobalSection
	GlobalSection(ExtensibilityGlobals) = postSolution
		SolutionGuid = {97973761-C078-4F05-BCDA-48D56792EBD6}
	EndGlobalSection
EndGlobal
